
Microsoft Visual Studio Solution File, Format Version 12.00
# Visual Studio Version 17
VisualStudioVersion = 17.9.34728.123
MinimumVisualStudioVersion = 10.0.40219.1
Project("{9A19103F-16F7-4668-BE54-9A1E7A4F7556}") = "ApiMicroservice.Autor", "ApiMicroservice.Autor.csproj", "{B4B353C9-F40D-4C0B-A119-C296AC6F28F1}"
EndProject
Global
	GlobalSection(SolutionConfigurationPlatforms) = preSolution
		Debug|Any CPU = Debug|Any CPU
		Release|Any CPU = Release|Any CPU
	EndGlobalSection
	GlobalSection(ProjectConfigurationPlatforms) = postSolution
		{B4B353C9-F40D-4C0B-A119-C296AC6F28F1}.Debug|Any CPU.ActiveCfg = Debug|Any CPU
		{B4B353C9-F40D-4C0B-A119-C296AC6F28F1}.Debug|Any CPU.Build.0 = Debug|Any CPU
		{B4B353C9-F40D-4C0B-A119-C296AC6F28F1}.Release|Any CPU.ActiveCfg = Release|Any CPU
		{B4B353C9-F40D-4C0B-A119-C296AC6F28F1}.Release|Any CPU.Build.0 = Release|Any CPU
	EndGlobalSection
	GlobalSection(SolutionProperties) = preSolution
		HideSolutionNode = FALSE
	EndGlobalSection
	GlobalSection(ExtensibilityGlobals) = postSolution
		SolutionGuid = {3EC00A72-424B-473D-A21F-AA9E50AF0511}
	EndGlobalSection
EndGlobal
